
Microsoft Visual Studio Solution File, Format Version 12.00
# Visual Studio Version 17
VisualStudioVersion = 17.6.33723.286
MinimumVisualStudioVersion = 10.0.40219.1
Project("{FAE04EC0-301F-11D3-BF4B-00C04F79EFBC}") = "BlobsCleanUp", "BlobsCleanUp\BlobsCleanUp.csproj", "{9AC3BF40-8B5A-4169-940F-ADE6913E6DDC}"
EndProject
Global
	GlobalSection(SolutionConfigurationPlatforms) = preSolution
		Debug|Any CPU = Debug|Any CPU
		Release|Any CPU = Release|Any CPU
	EndGlobalSection
	GlobalSection(ProjectConfigurationPlatforms) = postSolution
		{9AC3BF40-8B5A-4169-940F-ADE6913E6DDC}.Debug|Any CPU.ActiveCfg = Debug|Any CPU
		{9AC3BF40-8B5A-4169-940F-ADE6913E6DDC}.Debug|Any CPU.Build.0 = Debug|Any CPU
		{9AC3BF40-8B5A-4169-940F-ADE6913E6DDC}.Release|Any CPU.ActiveCfg = Release|Any CPU
		{9AC3BF40-8B5A-4169-940F-ADE6913E6DDC}.Release|Any CPU.Build.0 = Release|Any CPU
	EndGlobalSection
	GlobalSection(SolutionProperties) = preSolution
		HideSolutionNode = FALSE
	EndGlobalSection
	GlobalSection(ExtensibilityGlobals) = postSolution
		SolutionGuid = {CF19D7E2-641A-4E0C-9ED5-261D24D3A415}
	EndGlobalSection
EndGlobal
